
Microsoft Visual Studio Solution File, Format Version 12.00
Project("{FAE04EC0-301F-11D3-BF4B-00C04F79EFBC}") = "Lab4", "Lab4\Lab4.csproj", "{E8EC075F-F7CD-47C3-A522-42B57971A136}"
EndProject
Global
	GlobalSection(SolutionConfigurationPlatforms) = preSolution
		Debug|Any CPU = Debug|Any CPU
		Release|Any CPU = Release|Any CPU
	EndGlobalSection
	GlobalSection(ProjectConfigurationPlatforms) = postSolution
		{E8EC075F-F7CD-47C3-A522-42B57971A136}.Debug|Any CPU.ActiveCfg = Debug|Any CPU
		{E8EC075F-F7CD-47C3-A522-42B57971A136}.Debug|Any CPU.Build.0 = Debug|Any CPU
		{E8EC075F-F7CD-47C3-A522-42B57971A136}.Release|Any CPU.ActiveCfg = Release|Any CPU
		{E8EC075F-F7CD-47C3-A522-42B57971A136}.Release|Any CPU.Build.0 = Release|Any CPU
	EndGlobalSection
EndGlobal
